// !$*UTF8*$!
{
	archiveVersion = 1;
	classes = {
	};
	objectVersion = 50;
	objects = {

/* Begin PBXBuildFile section */
		82B85275230BD53F00BFDC8B /* AppDelegate.m in Sources */ = {isa = PBXBuildFile; fileRef = 82B85274230BD53F00BFDC8B /* AppDelegate.m */; };
		82B85278230BD53F00BFDC8B /* ViewController.m in Sources */ = {isa = PBXBuildFile; fileRef = 82B85277230BD53F00BFDC8B /* ViewController.m */; };
		82B8527B230BD53F00BFDC8B /* Main.storyboard in Resources */ = {isa = PBXBuildFile; fileRef = 82B85279230BD53F00BFDC8B /* Main.storyboard */; };
		82B8527E230BD53F00BFDC8B /* UnitTestBasics.xcdatamodeld in Sources */ = {isa = PBXBuildFile; fileRef = 82B8527C230BD53F00BFDC8B /* UnitTestBasics.xcdatamodeld */; };
		82B85280230BD54100BFDC8B /* Assets.xcassets in Resources */ = {isa = PBXBuildFile; fileRef = 82B8527F230BD54100BFDC8B /* Assets.xcassets */; };
		82B85283230BD54100BFDC8B /* LaunchScreen.storyboard in Resources */ = {isa = PBXBuildFile; fileRef = 82B85281230BD54100BFDC8B /* LaunchScreen.storyboard */; };
		82B85286230BD54100BFDC8B /* main.m in Sources */ = {isa = PBXBuildFile; fileRef = 82B85285230BD54100BFDC8B /* main.m */; };
		82B852A1230C144200BFDC8B /* UnitTestBasicsTests.m in Sources */ = {isa = PBXBuildFile; fileRef = 82B852A0230C144200BFDC8B /* UnitTestBasicsTests.m */; };
/* End PBXBuildFile section */

/* Begin PBXContainerItemProxy section */
		82B852A3230C144200BFDC8B /* PBXContainerItemProxy */ = {
			isa = PBXContainerItemProxy;
			containerPortal = 82B85268230BD53F00BFDC8B /* Project object */;
			proxyType = 1;
			remoteGlobalIDString = 82B8526F230BD53F00BFDC8B;
			remoteInfo = UnitTestBasics;
		};
/* End PBXContainerItemProxy section */

/* Begin PBXFileReference section */
		82B85270230BD53F00BFDC8B /* UnitTestBasics.app */ = {isa = PBXFileReference; explicitFileType = wrapper.application; includeInIndex = 0; path = UnitTestBasics.app; sourceTree = BUILT_PRODUCTS_DIR; };
		82B85273230BD53F00BFDC8B /* AppDelegate.h */ = {isa = PBXFileReference; lastKnownFileType = sourcecode.c.h; path = AppDelegate.h; sourceTree = "<group>"; };
		82B85274230BD53F00BFDC8B /* AppDelegate.m */ = {isa = PBXFileReference; lastKnownFileType = sourcecode.c.objc; path = AppDelegate.m; sourceTree = "<group>"; };
		82B85276230BD53F00BFDC8B /* ViewController.h */ = {isa = PBXFileReference; lastKnownFileType = sourcecode.c.h; path = ViewController.h; sourceTree = "<group>"; };
		82B85277230BD53F00BFDC8B /* ViewController.m */ = {isa = PBXFileReference; lastKnownFileType = sourcecode.c.objc; path = ViewController.m; sourceTree = "<group>"; };
		82B8527A230BD53F00BFDC8B /* Base */ = {isa = PBXFileReference; lastKnownFileType = file.storyboard; name = Base; path = Base.lproj/Main.storyboard; sourceTree = "<group>"; };
		82B8527D230BD53F00BFDC8B /* UnitTestBasics.xcdatamodel */ = {isa = PBXFileReference; lastKnownFileType = wrapper.xcdatamodel; path = UnitTestBasics.xcdatamodel; sourceTree = "<group>"; };
		82B8527F230BD54100BFDC8B /* Assets.xcassets */ = {isa = PBXFileReference; lastKnownFileType = folder.assetcatalog; path = Assets.xcassets; sourceTree = "<group>"; };
		82B85282230BD54100BFDC8B /* Base */ = {isa = PBXFileReference; lastKnownFileType = file.storyboard; name = Base; path = Base.lproj/LaunchScreen.storyboard; sourceTree = "<group>"; };
		82B85284230BD54100BFDC8B /* Info.plist */ = {isa = PBXFileReference; lastKnownFileType = text.plist.xml; path = Info.plist; sourceTree = "<group>"; };
		82B85285230BD54100BFDC8B /* main.m */ = {isa = PBXFileReference; lastKnownFileType = sourcecode.c.objc; path = main.m; sourceTree = "<group>"; };
		82B8529E230C144200BFDC8B /* UnitTestBasicsTests.xctest */ = {isa = PBXFileReference; explicitFileType = wrapper.cfbundle; includeInIndex = 0; path = UnitTestBasicsTests.xctest; sourceTree = BUILT_PRODUCTS_DIR; };
		82B852A0230C144200BFDC8B /* UnitTestBasicsTests.m */ = {isa = PBXFileReference; lastKnownFileType = sourcecode.c.objc; path = UnitTestBasicsTests.m; sourceTree = "<group>"; };
		82B852A2230C144200BFDC8B /* Info.plist */ = {isa = PBXFileReference; lastKnownFileType = text.plist.xml; path = Info.plist; sourceTree = "<group>"; };
/* End PBXFileReference section */

/* Begin PBXFrameworksBuildPhase section */
		82B8526D230BD53F00BFDC8B /* Frameworks */ = {
			isa = PBXFrameworksBuildPhase;
			buildActionMask = 2147483647;
			files = (
			);
			runOnlyForDeploymentPostprocessing = 0;
		};
		82B8529B230C144200BFDC8B /* Frameworks */ = {
			isa = PBXFrameworksBuildPhase;
			buildActionMask = 2147483647;
			files = (
			);
			runOnlyForDeploymentPostprocessing = 0;
		};
/* End PBXFrameworksBuildPhase section */

/* Begin PBXGroup section */
		82B85267230BD53F00BFDC8B = {
			isa = PBXGroup;
			children = (
				82B85272230BD53F00BFDC8B /* UnitTestBasics */,
				82B8529F230C144200BFDC8B /* UnitTestBasicsTests */,
				82B85271230BD53F00BFDC8B /* Products */,
			);
			sourceTree = "<group>";
		};
		82B85271230BD53F00BFDC8B /* Products */ = {
			isa = PBXGroup;
			children = (
				82B85270230BD53F00BFDC8B /* UnitTestBasics.app */,
				82B8529E230C144200BFDC8B /* UnitTestBasicsTests.xctest */,
			);
			name = Products;
			sourceTree = "<group>";
		};
		82B85272230BD53F00BFDC8B /* UnitTestBasics */ = {
			isa = PBXGroup;
			children = (
				82B85273230BD53F00BFDC8B /* AppDelegate.h */,
				82B85274230BD53F00BFDC8B /* AppDelegate.m */,
				82B85276230BD53F00BFDC8B /* ViewController.h */,
				82B85277230BD53F00BFDC8B /* ViewController.m */,
				82B85279230BD53F00BFDC8B /* Main.storyboard */,
				82B8527F230BD54100BFDC8B /* Assets.xcassets */,
				82B85281230BD54100BFDC8B /* LaunchScreen.storyboard */,
				82B85284230BD54100BFDC8B /* Info.plist */,
				82B85285230BD54100BFDC8B /* main.m */,
				82B8527C230BD53F00BFDC8B /* UnitTestBasics.xcdatamodeld */,
			);
			path = UnitTestBasics;
			sourceTree = "<group>";
		};
		82B8529F230C144200BFDC8B /* UnitTestBasicsTests */ = {
			isa = PBXGroup;
			children = (
				82B852A0230C144200BFDC8B /* UnitTestBasicsTests.m */,
				82B852A2230C144200BFDC8B /* Info.plist */,
			);
			path = UnitTestBasicsTests;
			sourceTree = "<group>";
		};
/* End PBXGroup section */

/* Begin PBXNativeTarget section */
		82B8526F230BD53F00BFDC8B /* UnitTestBasics */ = {
			isa = PBXNativeTarget;
			buildConfigurationList = 82B85289230BD54100BFDC8B /* Build configuration list for PBXNativeTarget "UnitTestBasics" */;
			buildPhases = (
				82B8526C230BD53F00BFDC8B /* Sources */,
				82B8526D230BD53F00BFDC8B /* Frameworks */,
				82B8526E230BD53F00BFDC8B /* Resources */,
			);
			buildRules = (
			);
			dependencies = (
			);
			name = UnitTestBasics;
			productName = UnitTestBasics;
			productReference = 82B85270230BD53F00BFDC8B /* UnitTestBasics.app */;
			productType = "com.apple.product-type.application";
		};
		82B8529D230C144200BFDC8B /* UnitTestBasicsTests */ = {
			isa = PBXNativeTarget;
			buildConfigurationList = 82B852A7230C144300BFDC8B /* Build configuration list for PBXNativeTarget "UnitTestBasicsTests" */;
			buildPhases = (
				82B8529A230C144200BFDC8B /* Sources */,
				82B8529B230C144200BFDC8B /* Frameworks */,
				82B8529C230C144200BFDC8B /* Resources */,
			);
			buildRules = (
			);
			dependencies = (
				82B852A4230C144200BFDC8B /* PBXTargetDependency */,
			);
			name = UnitTestBasicsTests;
			productName = UnitTestBasicsTests;
			productReference = 82B8529E230C144200BFDC8B /* UnitTestBasicsTests.xctest */;
			productType = "com.apple.product-type.bundle.unit-test";
		};
/* End PBXNativeTarget section */

/* Begin PBXProject section */
		82B85268230BD53F00BFDC8B /* Project object */ = {
			isa = PBXProject;
			attributes = {
				LastUpgradeCheck = 1030;
				ORGANIZATIONNAME = "Barış Güngör";
				TargetAttributes = {
					82B8526F230BD53F00BFDC8B = {
						CreatedOnToolsVersion = 10.3;
					};
					82B8529D230C144200BFDC8B = {
						CreatedOnToolsVersion = 10.3;
						TestTargetID = 82B8526F230BD53F00BFDC8B;
					};
				};
			};
			buildConfigurationList = 82B8526B230BD53F00BFDC8B /* Build configuration list for PBXProject "UnitTestBasics" */;
			compatibilityVersion = "Xcode 9.3";
			developmentRegion = en;
			hasScannedForEncodings = 0;
			knownRegions = (
				en,
				Base,
			);
			mainGroup = 82B85267230BD53F00BFDC8B;
			productRefGroup = 82B85271230BD53F00BFDC8B /* Products */;
			projectDirPath = "";
			projectRoot = "";
			targets = (
				82B8526F230BD53F00BFDC8B /* UnitTestBasics */,
				82B8529D230C144200BFDC8B /* UnitTestBasicsTests */,
			);
		};
/* End PBXProject section */

/* Begin PBXResourcesBuildPhase section */
		82B8526E230BD53F00BFDC8B /* Resources */ = {
			isa = PBXResourcesBuildPhase;
			buildActionMask = 2147483647;
			files = (
				82B85283230BD54100BFDC8B /* LaunchScreen.storyboard in Resources */,
				82B85280230BD54100BFDC8B /* Assets.xcassets in Resources */,
				82B8527B230BD53F00BFDC8B /* Main.storyboard in Resources */,
			);
			runOnlyForDeploymentPostprocessing = 0;
		};
		82B8529C230C144200BFDC8B /* Resources */ = {
			isa = PBXResourcesBuildPhase;
			buildActionMask = 2147483647;
			files = (
			);
			runOnlyForDeploymentPostprocessing = 0;
		};
/* End PBXResourcesBuildPhase section */

/* Begin PBXSourcesBuildPhase section */
		82B8526C230BD53F00BFDC8B /* Sources */ = {
			isa = PBXSourcesBuildPhase;
			buildActionMask = 2147483647;
			files = (
				82B85278230BD53F00BFDC8B /* ViewController.m in Sources */,
				82B8527E230BD53F00BFDC8B /* UnitTestBasics.xcdatamodeld in Sources */,
				82B85286230BD54100BFDC8B /* main.m in Sources */,
				82B85275230BD53F00BFDC8B /* AppDelegate.m in Sources */,
			);
			runOnlyForDeploymentPostprocessing = 0;
		};
		82B8529A230C144200BFDC8B /* Sources */ = {
			isa = PBXSourcesBuildPhase;
			buildActionMask = 2147483647;
			files = (
				82B852A1230C144200BFDC8B /* UnitTestBasicsTests.m in Sources */,
			);
			runOnlyForDeploymentPostprocessing = 0;
		};
/* End PBXSourcesBuildPhase section */

/* Begin PBXTargetDependency section */
		82B852A4230C144200BFDC8B /* PBXTargetDependency */ = {
			isa = PBXTargetDependency;
			target = 82B8526F230BD53F00BFDC8B /* UnitTestBasics */;
			targetProxy = 82B852A3230C144200BFDC8B /* PBXContainerItemProxy */;
		};
/* End PBXTargetDependency section */

/* Begin PBXVariantGroup section */
		82B85279230BD53F00BFDC8B /* Main.storyboard */ = {
			isa = PBXVariantGroup;
			children = (
				82B8527A230BD53F00BFDC8B /* Base */,
			);
			name = Main.storyboard;
			sourceTree = "<group>";
		};
		82B85281230BD54100BFDC8B /* LaunchScreen.storyboard */ = {
			isa = PBXVariantGroup;
			children = (
				82B85282230BD54100BFDC8B /* Base */,
			);
			name = LaunchScreen.storyboard;
			sourceTree = "<group>";
		};
/* End PBXVariantGroup section */

/* Begin XCBuildConfiguration section */
		82B85287230BD54100BFDC8B /* Debug */ = {
			isa = XCBuildConfiguration;
			buildSettings = {
				ALWAYS_SEARCH_USER_PATHS = NO;
				CLANG_ANALYZER_NONNULL = YES;
				CLANG_ANALYZER_NUMBER_OBJECT_CONVERSION = YES_AGGRESSIVE;
				CLANG_CXX_LANGUAGE_STANDARD = "gnu++14";
				CLANG_CXX_LIBRARY = "libc++";
				CLANG_ENABLE_MODULES = YES;
				CLANG_ENABLE_OBJC_ARC = YES;
				CLANG_ENABLE_OBJC_WEAK = YES;
				CLANG_WARN_BLOCK_CAPTURE_AUTORELEASING = YES;
				CLANG_WARN_BOOL_CONVERSION = YES;
				CLANG_WARN_COMMA = YES;
				CLANG_WARN_CONSTANT_CONVERSION = YES;
				CLANG_WARN_DEPRECATED_OBJC_IMPLEMENTATIONS = YES;
				CLANG_WARN_DIRECT_OBJC_ISA_USAGE = YES_ERROR;
				CLANG_WARN_DOCUMENTATION_COMMENTS = YES;
				CLANG_WARN_EMPTY_BODY = YES;
				CLANG_WARN_ENUM_CONVERSION = YES;
				CLANG_WARN_INFINITE_RECURSION = YES;
				CLANG_WARN_INT_CONVERSION = YES;
				CLANG_WARN_NON_LITERAL_NULL_CONVERSION = YES;
				CLANG_WARN_OBJC_IMPLICIT_RETAIN_SELF = YES;
				CLANG_WARN_OBJC_LITERAL_CONVERSION = YES;
				CLANG_WARN_OBJC_ROOT_CLASS = YES_ERROR;
				CLANG_WARN_RANGE_LOOP_ANALYSIS = YES;
				CLANG_WARN_STRICT_PROTOTYPES = YES;
				CLANG_WARN_SUSPICIOUS_MOVE = YES;
				CLANG_WARN_UNGUARDED_AVAILABILITY = YES_AGGRESSIVE;
				CLANG_WARN_UNREACHABLE_CODE = YES;
				CLANG_WARN__DUPLICATE_METHOD_MATCH = YES;
				CODE_SIGN_IDENTITY = "iPhone Developer";
				COPY_PHASE_STRIP = NO;
				DEBUG_INFORMATION_FORMAT = dwarf;
				ENABLE_STRICT_OBJC_MSGSEND = YES;
				ENABLE_TESTABILITY = YES;
				GCC_C_LANGUAGE_STANDARD = gnu11;
				GCC_DYNAMIC_NO_PIC = NO;
				GCC_NO_COMMON_BLOCKS = YES;
				GCC_OPTIMIZATION_LEVEL = 0;
				GCC_PREPROCESSOR_DEFINITIONS = (
					"DEBUG=1",
					"$(inherited)",
				);
				GCC_WARN_64_TO_32_BIT_CONVERSION = YES;
				GCC_WARN_ABOUT_RETURN_TYPE = YES_ERROR;
				GCC_WARN_UNDECLARED_SELECTOR = YES;
				GCC_WARN_UNINITIALIZED_AUTOS = YES_AGGRESSIVE;
				GCC_WARN_UNUSED_FUNCTION = YES;
				GCC_WARN_UNUSED_VARIABLE = YES;
				IPHONEOS_DEPLOYMENT_TARGET = 12.4;
				MTL_ENABLE_DEBUG_INFO = INCLUDE_SOURCE;
				MTL_FAST_MATH = YES;
				ONLY_ACTIVE_ARCH = YES;
				SDKROOT = iphoneos;
			};
			name = Debug;
		};
		82B85288230BD54100BFDC8B /* Release */ = {
			isa = XCBuildConfiguration;
			buildSettings = {
				ALWAYS_SEARCH_USER_PATHS = NO;
				CLANG_ANALYZER_NONNULL = YES;
				CLANG_ANALYZER_NUMBER_OBJECT_CONVERSION = YES_AGGRESSIVE;
				CLANG_CXX_LANGUAGE_STANDARD = "gnu++14";
				CLANG_CXX_LIBRARY = "libc++";
				CLANG_ENABLE_MODULES = YES;
				CLANG_ENABLE_OBJC_ARC = YES;
				CLANG_ENABLE_OBJC_WEAK = YES;
				CLANG_WARN_BLOCK_CAPTURE_AUTORELEASING = YES;
				CLANG_WARN_BOOL_CONVERSION = YES;
				CLANG_WARN_COMMA = YES;
				CLANG_WARN_CONSTANT_CONVERSION = YES;
				CLANG_WARN_DEPRECATED_OBJC_IMPLEMENTATIONS = YES;
				CLANG_WARN_DIRECT_OBJC_ISA_USAGE = YES_ERROR;
				CLANG_WARN_DOCUMENTATION_COMMENTS = YES;
				CLANG_WARN_EMPTY_BODY = YES;
				CLANG_WARN_ENUM_CONVERSION = YES;
				CLANG_WARN_INFINITE_RECURSION = YES;
				CLANG_WARN_INT_CONVERSION = YES;
				CLANG_WARN_NON_LITERAL_NULL_CONVERSION = YES;
				CLANG_WARN_OBJC_IMPLICIT_RETAIN_SELF = YES;
				CLANG_WARN_OBJC_LITERAL_CONVERSION = YES;
				CLANG_WARN_OBJC_ROOT_CLASS = YES_ERROR;
				CLANG_WARN_RANGE_LOOP_ANALYSIS = YES;
				CLANG_WARN_STRICT_PROTOTYPES = YES;
				CLANG_WARN_SUSPICIOUS_MOVE = YES;
				CLANG_WARN_UNGUARDED_AVAILABILITY = YES_AGGRESSIVE;
				CLANG_WARN_UNREACHABLE_CODE = YES;
				CLANG_WARN__DUPLICATE_METHOD_MATCH = YES;
				CODE_SIGN_IDENTITY = "iPhone Developer";
				COPY_PHASE_STRIP = NO;
				DEBUG_INFORMATION_FORMAT = "dwarf-with-dsym";
				ENABLE_NS_ASSERTIONS = NO;
				ENABLE_STRICT_OBJC_MSGSEND = YES;
				GCC_C_LANGUAGE_STANDARD = gnu11;
				GCC_NO_COMMON_BLOCKS = YES;
				GCC_WARN_64_TO_32_BIT_CONVERSION = YES;
				GCC_WARN_ABOUT_RETURN_TYPE = YES_ERROR;
				GCC_WARN_UNDECLARED_SELECTOR = YES;
				GCC_WARN_UNINITIALIZED_AUTOS = YES_AGGRESSIVE;
				GCC_WARN_UNUSED_FUNCTION = YES;
				GCC_WARN_UNUSED_VARIABLE = YES;
				IPHONEOS_DEPLOYMENT_TARGET = 12.4;
				MTL_ENABLE_DEBUG_INFO = NO;
				MTL_FAST_MATH = YES;
				SDKROOT = iphoneos;
				VALIDATE_PRODUCT = YES;
			};
			name = Release;
		};
		82B8528A230BD54100BFDC8B /* Debug */ = {
			isa = XCBuildConfiguration;
			buildSettings = {
				ASSETCATALOG_COMPILER_APPICON_NAME = AppIcon;
				CODE_SIGN_STYLE = Automatic;
				DEVELOPMENT_TEAM = XT9ZTQQB8H;
				INFOPLIST_FILE = UnitTestBasics/Info.plist;
				LD_RUNPATH_SEARCH_PATHS = (
					"$(inherited)",
					"@executable_path/Frameworks",
				);
				PRODUCT_BUNDLE_IDENTIFIER = com.baris.UnitTestBasics;
				PRODUCT_NAME = "$(TARGET_NAME)";
				TARGETED_DEVICE_FAMILY = "1,2";
			};
			name = Debug;
		};
		82B8528B230BD54100BFDC8B /* Release */ = {
			isa = XCBuildConfiguration;
			buildSettings = {
				ASSETCATALOG_COMPILER_APPICON_NAME = AppIcon;
				CODE_SIGN_STYLE = Automatic;
				DEVELOPMENT_TEAM = XT9ZTQQB8H;
				INFOPLIST_FILE = UnitTestBasics/Info.plist;
				LD_RUNPATH_SEARCH_PATHS = (
					"$(inherited)",
					"@executable_path/Frameworks",
				);
				PRODUCT_BUNDLE_IDENTIFIER = com.baris.UnitTestBasics;
				PRODUCT_NAME = "$(TARGET_NAME)";
				TARGETED_DEVICE_FAMILY = "1,2";
			};
			name = Release;
		};
		82B852A5230C144300BFDC8B /* Debug */ = {
			isa = XCBuildConfiguration;
			buildSettings = {
				BUNDLE_LOADER = "$(TEST_HOST)";
				CODE_SIGN_STYLE = Automatic;
				DEVELOPMENT_TEAM = XT9ZTQQB8H;
				INFOPLIST_FILE = UnitTestBasicsTests/Info.plist;
				LD_RUNPATH_SEARCH_PATHS = (
					"$(inherited)",
					"@executable_path/Frameworks",
					"@loader_path/Frameworks",
				);
				PRODUCT_BUNDLE_IDENTIFIER = com.baris.UnitTestBasicsTests;
				PRODUCT_NAME = "$(TARGET_NAME)";
				TARGETED_DEVICE_FAMILY = "1,2";
				TEST_HOST = "$(BUILT_PRODUCTS_DIR)/UnitTestBasics.app/UnitTestBasics";
			};
			name = Debug;
		};
		82B852A6230C144300BFDC8B /* Release */ = {
			isa = XCBuildConfiguration;
			buildSettings = {
				BUNDLE_LOADER = "$(TEST_HOST)";
				CODE_SIGN_STYLE = Automatic;
				DEVELOPMENT_TEAM = XT9ZTQQB8H;
				INFOPLIST_FILE = UnitTestBasicsTests/Info.plist;
				LD_RUNPATH_SEARCH_PATHS = (
					"$(inherited)",
					"@executable_path/Frameworks",
					"@loader_path/Frameworks",
				);
				PRODUCT_BUNDLE_IDENTIFIER = com.baris.UnitTestBasicsTests;
				PRODUCT_NAME = "$(TARGET_NAME)";
				TARGETED_DEVICE_FAMILY = "1,2";
				TEST_HOST = "$(BUILT_PRODUCTS_DIR)/UnitTestBasics.app/UnitTestBasics";
			};
			name = Release;
		};
/* End XCBuildConfiguration section */

/* Begin XCConfigurationList section */
		82B8526B230BD53F00BFDC8B /* Build configuration list for PBXProject "UnitTestBasics" */ = {
			isa = XCConfigurationList;
			buildConfigurations = (
				82B85287230BD54100BFDC8B /* Debug */,
				82B85288230BD54100BFDC8B /* Release */,
			);
			defaultConfigurationIsVisible = 0;
			defaultConfigurationName = Release;
		};
		82B85289230BD54100BFDC8B /* Build configuration list for PBXNativeTarget "UnitTestBasics" */ = {
			isa = XCConfigurationList;
			buildConfigurations = (
				82B8528A230BD54100BFDC8B /* Debug */,
				82B8528B230BD54100BFDC8B /* Release */,
			);
			defaultConfigurationIsVisible = 0;
			defaultConfigurationName = Release;
		};
		82B852A7230C144300BFDC8B /* Build configuration list for PBXNativeTarget "UnitTestBasicsTests" */ = {
			isa = XCConfigurationList;
			buildConfigurations = (
				82B852A5230C144300BFDC8B /* Debug */,
				82B852A6230C144300BFDC8B /* Release */,
			);
			defaultConfigurationIsVisible = 0;
			defaultConfigurationName = Release;
		};
/* End XCConfigurationList section */

/* Begin XCVersionGroup section */
		82B8527C230BD53F00BFDC8B /* UnitTestBasics.xcdatamodeld */ = {
			isa = XCVersionGroup;
			children = (
				82B8527D230BD53F00BFDC8B /* UnitTestBasics.xcdatamodel */,
			);
			currentVersion = 82B8527D230BD53F00BFDC8B /* UnitTestBasics.xcdatamodel */;
			path = UnitTestBasics.xcdatamodeld;
			sourceTree = "<group>";
			versionGroupType = wrapper.xcdatamodel;
		};
/* End XCVersionGroup section */
	};
	rootObject = 82B85268230BD53F00BFDC8B /* Project object */;
}
